
Microsoft Visual Studio Solution File, Format Version 12.00
# Visual Studio 15
VisualStudioVersion = 15.0.28010.2050
MinimumVisualStudioVersion = 10.0.40219.1
Project("{FAE04EC0-301F-11D3-BF4B-00C04F79EFBC}") = "AdjustablePolygon", "AdjustablePolygon\AdjustablePolygon.csproj", "{50047FB3-E764-454F-87C8-A1D6EB332E0F}"
EndProject
Global
	GlobalSection(SolutionConfigurationPlatforms) = preSolution
		Debug|Any CPU = Debug|Any CPU
		Release|Any CPU = Release|Any CPU
	EndGlobalSection
	GlobalSection(ProjectConfigurationPlatforms) = postSolution
		{50047FB3-E764-454F-87C8-A1D6EB332E0F}.Debug|Any CPU.ActiveCfg = Debug|Any CPU
		{50047FB3-E764-454F-87C8-A1D6EB332E0F}.Debug|Any CPU.Build.0 = Debug|Any CPU
		{50047FB3-E764-454F-87C8-A1D6EB332E0F}.Release|Any CPU.ActiveCfg = Release|Any CPU
		{50047FB3-E764-454F-87C8-A1D6EB332E0F}.Release|Any CPU.Build.0 = Release|Any CPU
	EndGlobalSection
	GlobalSection(SolutionProperties) = preSolution
		HideSolutionNode = FALSE
	EndGlobalSection
	GlobalSection(ExtensibilityGlobals) = postSolution
		SolutionGuid = {73C3E3DD-C53A-4BAD-A875-7032B7F51885}
	EndGlobalSection
EndGlobal
